<Solution>
  <Folder Name="/Solution Items/">
    <File Path=".editorconfig" />
  </Folder>
  <Project Path="VR.QrCodeGenerator.WinUI/VR.QrCodeGenerator.WinUI.csproj" Id="a23bb76d-d134-490c-a54c-41c096c5bcf4">
    <Platform Project="x64" />
    <Deploy />
  </Project>
  <Project Path="VR.QrCodeGenerator.WPF/VR.QrCodeGenerator.WPF.csproj" Id="e6c7a090-f341-46b3-ae7b-f4401f6f86a5" />
</Solution>
